
Microsoft Visual Studio Solution File, Format Version 12.00
# Visual Studio Version 16
VisualStudioVersion = 16.0.31515.178
MinimumVisualStudioVersion = 10.0.40219.1
Project("{F184B08F-C81C-45F6-A57F-5ABD9991F28F}") = "projTestQRCode", "projTestQRCode.vbproj", "{CAE3F0B8-CA3A-4912-9E73-EF195F925326}"
EndProject
Global
	GlobalSection(SolutionConfigurationPlatforms) = preSolution
		Debug|Any CPU = Debug|Any CPU
		Release|Any CPU = Release|Any CPU
	EndGlobalSection
	GlobalSection(ProjectConfigurationPlatforms) = postSolution
		{CAE3F0B8-CA3A-4912-9E73-EF195F925326}.Debug|Any CPU.ActiveCfg = Debug|Any CPU
		{CAE3F0B8-CA3A-4912-9E73-EF195F925326}.Debug|Any CPU.Build.0 = Debug|Any CPU
		{CAE3F0B8-CA3A-4912-9E73-EF195F925326}.Release|Any CPU.ActiveCfg = Release|Any CPU
		{CAE3F0B8-CA3A-4912-9E73-EF195F925326}.Release|Any CPU.Build.0 = Release|Any CPU
	EndGlobalSection
	GlobalSection(SolutionProperties) = preSolution
		HideSolutionNode = FALSE
	EndGlobalSection
	GlobalSection(ExtensibilityGlobals) = postSolution
		SolutionGuid = {BF12B25A-36B2-459E-9D45-A891B5C9EBB5}
	EndGlobalSection
EndGlobal
